// !$*UTF8*$!
{
	archiveVersion = 1;
	classes = {
	};
	objectVersion = 46;
	objects = {

/* Begin PBXBuildFile section */
		837C3A24153F7DEB00463CB3 /* TeapotViewController.m in Sources */ = {isa = PBXBuildFile; fileRef = 837C3A23153F7DEB00463CB3 /* TeapotViewController.m */; };
		837C3A29153F804900463CB3 /* TeapotView.m in Sources */ = {isa = PBXBuildFile; fileRef = 837C3A28153F7EC100463CB3 /* TeapotView.m */; };
		837D9D0E15ACE6E600704989 /* DelightPrivate.framework in Frameworks */ = {isa = PBXBuildFile; fileRef = 837D9D0D15ACE6E600704989 /* DelightPrivate.framework */; };
		8383861715549A6000A83AE9 /* SystemConfiguration.framework in Frameworks */ = {isa = PBXBuildFile; fileRef = 8383861515549A6000A83AE9 /* SystemConfiguration.framework */; };
		838694F8156ECA1700EBDB14 /* icon.png in Resources */ = {isa = PBXBuildFile; fileRef = 838694F4156ECA1700EBDB14 /* icon.png */; };
		838694F9156ECA1700EBDB14 /* icon@2x.png in Resources */ = {isa = PBXBuildFile; fileRef = 838694F5156ECA1700EBDB14 /* icon@2x.png */; };
		838694FA156ECA1700EBDB14 /* icon@2x~ipad.png in Resources */ = {isa = PBXBuildFile; fileRef = 838694F6156ECA1700EBDB14 /* icon@2x~ipad.png */; };
		838694FB156ECA1700EBDB14 /* icon~ipad.png in Resources */ = {isa = PBXBuildFile; fileRef = 838694F7156ECA1700EBDB14 /* icon~ipad.png */; };
		83F73EEF153E31B40094BD16 /* UIKit.framework in Frameworks */ = {isa = PBXBuildFile; fileRef = 83F73EEE153E31B40094BD16 /* UIKit.framework */; };
		83F73EF1153E31B40094BD16 /* Foundation.framework in Frameworks */ = {isa = PBXBuildFile; fileRef = 83F73EF0153E31B40094BD16 /* Foundation.framework */; };
		83F73EF3153E31B40094BD16 /* CoreGraphics.framework in Frameworks */ = {isa = PBXBuildFile; fileRef = 83F73EF2153E31B40094BD16 /* CoreGraphics.framework */; };
		83F73EF7153E31B40094BD16 /* OpenGLES.framework in Frameworks */ = {isa = PBXBuildFile; fileRef = 83F73EF6153E31B40094BD16 /* OpenGLES.framework */; };
		83F73EFD153E31B40094BD16 /* InfoPlist.strings in Resources */ = {isa = PBXBuildFile; fileRef = 83F73EFB153E31B40094BD16 /* InfoPlist.strings */; };
		83F73EFF153E31B40094BD16 /* main.m in Sources */ = {isa = PBXBuildFile; fileRef = 83F73EFE153E31B40094BD16 /* main.m */; };
		83F73F03153E31B40094BD16 /* AppDelegate.m in Sources */ = {isa = PBXBuildFile; fileRef = 83F73F02153E31B40094BD16 /* AppDelegate.m */; };
		83F73F21153E32BF0094BD16 /* AVFoundation.framework in Frameworks */ = {isa = PBXBuildFile; fileRef = 83F73F1D153E32BF0094BD16 /* AVFoundation.framework */; };
		83F73F22153E32BF0094BD16 /* CoreMedia.framework in Frameworks */ = {isa = PBXBuildFile; fileRef = 83F73F1E153E32BF0094BD16 /* CoreMedia.framework */; };
		83F73F23153E32BF0094BD16 /* CoreVideo.framework in Frameworks */ = {isa = PBXBuildFile; fileRef = 83F73F1F153E32BF0094BD16 /* CoreVideo.framework */; };
		83F73F24153E32BF0094BD16 /* QuartzCore.framework in Frameworks */ = {isa = PBXBuildFile; fileRef = 83F73F20153E32BF0094BD16 /* QuartzCore.framework */; };
/* End PBXBuildFile section */

/* Begin PBXFileReference section */
		837C3A22153F7DEB00463CB3 /* TeapotViewController.h */ = {isa = PBXFileReference; fileEncoding = 4; lastKnownFileType = sourcecode.c.h; path = TeapotViewController.h; sourceTree = "<group>"; };
		837C3A23153F7DEB00463CB3 /* TeapotViewController.m */ = {isa = PBXFileReference; fileEncoding = 4; lastKnownFileType = sourcecode.c.objc; path = TeapotViewController.m; sourceTree = "<group>"; };
		837C3A25153F7E6A00463CB3 /* teapot.h */ = {isa = PBXFileReference; lastKnownFileType = sourcecode.c.h; path = teapot.h; sourceTree = "<group>"; };
		837C3A27153F7EC000463CB3 /* TeapotView.h */ = {isa = PBXFileReference; lastKnownFileType = sourcecode.c.h; path = TeapotView.h; sourceTree = "<group>"; };
		837C3A28153F7EC100463CB3 /* TeapotView.m */ = {isa = PBXFileReference; lastKnownFileType = sourcecode.c.objc; path = TeapotView.m; sourceTree = "<group>"; };
		837D9D0D15ACE6E600704989 /* DelightPrivate.framework */ = {isa = PBXFileReference; lastKnownFileType = wrapper.framework; name = DelightPrivate.framework; path = ../../DelightPrivate.framework; sourceTree = "<group>"; };
		8383861515549A6000A83AE9 /* SystemConfiguration.framework */ = {isa = PBXFileReference; lastKnownFileType = wrapper.framework; name = SystemConfiguration.framework; path = System/Library/Frameworks/SystemConfiguration.framework; sourceTree = SDKROOT; };
		838694F4156ECA1700EBDB14 /* icon.png */ = {isa = PBXFileReference; lastKnownFileType = image.png; path = icon.png; sourceTree = "<group>"; };
		838694F5156ECA1700EBDB14 /* icon@2x.png */ = {isa = PBXFileReference; lastKnownFileType = image.png; path = "icon@2x.png"; sourceTree = "<group>"; };
		838694F6156ECA1700EBDB14 /* icon@2x~ipad.png */ = {isa = PBXFileReference; lastKnownFileType = image.png; path = "icon@2x~ipad.png"; sourceTree = "<group>"; };
		838694F7156ECA1700EBDB14 /* icon~ipad.png */ = {isa = PBXFileReference; lastKnownFileType = image.png; path = "icon~ipad.png"; sourceTree = "<group>"; };
		83F73EEA153E31B40094BD16 /* OpenGLSample.app */ = {isa = PBXFileReference; explicitFileType = wrapper.application; includeInIndex = 0; path = OpenGLSample.app; sourceTree = BUILT_PRODUCTS_DIR; };
		83F73EEE153E31B40094BD16 /* UIKit.framework */ = {isa = PBXFileReference; lastKnownFileType = wrapper.framework; name = UIKit.framework; path = System/Library/Frameworks/UIKit.framework; sourceTree = SDKROOT; };
		83F73EF0153E31B40094BD16 /* Foundation.framework */ = {isa = PBXFileReference; lastKnownFileType = wrapper.framework; name = Foundation.framework; path = System/Library/Frameworks/Foundation.framework; sourceTree = SDKROOT; };
		83F73EF2153E31B40094BD16 /* CoreGraphics.framework */ = {isa = PBXFileReference; lastKnownFileType = wrapper.framework; name = CoreGraphics.framework; path = System/Library/Frameworks/CoreGraphics.framework; sourceTree = SDKROOT; };
		83F73EF6153E31B40094BD16 /* OpenGLES.framework */ = {isa = PBXFileReference; lastKnownFileType = wrapper.framework; name = OpenGLES.framework; path = System/Library/Frameworks/OpenGLES.framework; sourceTree = SDKROOT; };
		83F73EFA153E31B40094BD16 /* OpenGLSample-Info.plist */ = {isa = PBXFileReference; lastKnownFileType = text.plist.xml; path = "OpenGLSample-Info.plist"; sourceTree = "<group>"; };
		83F73EFC153E31B40094BD16 /* en */ = {isa = PBXFileReference; lastKnownFileType = text.plist.strings; name = en; path = en.lproj/InfoPlist.strings; sourceTree = "<group>"; };
		83F73EFE153E31B40094BD16 /* main.m */ = {isa = PBXFileReference; lastKnownFileType = sourcecode.c.objc; path = main.m; sourceTree = "<group>"; };
		83F73F00153E31B40094BD16 /* OpenGLSample-Prefix.pch */ = {isa = PBXFileReference; lastKnownFileType = sourcecode.c.h; path = "OpenGLSample-Prefix.pch"; sourceTree = "<group>"; };
		83F73F01153E31B40094BD16 /* AppDelegate.h */ = {isa = PBXFileReference; lastKnownFileType = sourcecode.c.h; path = AppDelegate.h; sourceTree = "<group>"; };
		83F73F02153E31B40094BD16 /* AppDelegate.m */ = {isa = PBXFileReference; lastKnownFileType = sourcecode.c.objc; path = AppDelegate.m; sourceTree = "<group>"; };
		83F73F1D153E32BF0094BD16 /* AVFoundation.framework */ = {isa = PBXFileReference; lastKnownFileType = wrapper.framework; name = AVFoundation.framework; path = System/Library/Frameworks/AVFoundation.framework; sourceTree = SDKROOT; };
		83F73F1E153E32BF0094BD16 /* CoreMedia.framework */ = {isa = PBXFileReference; lastKnownFileType = wrapper.framework; name = CoreMedia.framework; path = System/Library/Frameworks/CoreMedia.framework; sourceTree = SDKROOT; };
		83F73F1F153E32BF0094BD16 /* CoreVideo.framework */ = {isa = PBXFileReference; lastKnownFileType = wrapper.framework; name = CoreVideo.framework; path = System/Library/Frameworks/CoreVideo.framework; sourceTree = SDKROOT; };
		83F73F20153E32BF0094BD16 /* QuartzCore.framework */ = {isa = PBXFileReference; lastKnownFileType = wrapper.framework; name = QuartzCore.framework; path = System/Library/Frameworks/QuartzCore.framework; sourceTree = SDKROOT; };
/* End PBXFileReference section */

/* Begin PBXFrameworksBuildPhase section */
		83F73EE7153E31B40094BD16 /* Frameworks */ = {
			isa = PBXFrameworksBuildPhase;
			buildActionMask = 2147483647;
			files = (
				8383861715549A6000A83AE9 /* SystemConfiguration.framework in Frameworks */,
				83F73F21153E32BF0094BD16 /* AVFoundation.framework in Frameworks */,
				83F73F22153E32BF0094BD16 /* CoreMedia.framework in Frameworks */,
				83F73F23153E32BF0094BD16 /* CoreVideo.framework in Frameworks */,
				83F73F24153E32BF0094BD16 /* QuartzCore.framework in Frameworks */,
				83F73EEF153E31B40094BD16 /* UIKit.framework in Frameworks */,
				83F73EF1153E31B40094BD16 /* Foundation.framework in Frameworks */,
				83F73EF3153E31B40094BD16 /* CoreGraphics.framework in Frameworks */,
				83F73EF7153E31B40094BD16 /* OpenGLES.framework in Frameworks */,
				837D9D0E15ACE6E600704989 /* DelightPrivate.framework in Frameworks */,
			);
			runOnlyForDeploymentPostprocessing = 0;
		};
/* End PBXFrameworksBuildPhase section */

/* Begin PBXGroup section */
		837C3A26153F7E6C00463CB3 /* Models */ = {
			isa = PBXGroup;
			children = (
				837C3A25153F7E6A00463CB3 /* teapot.h */,
			);
			name = Models;
			sourceTree = "<group>";
		};
		83F73EDF153E31B40094BD16 = {
			isa = PBXGroup;
			children = (
				83F73EF8153E31B40094BD16 /* OpenGLSample */,
				83F73EED153E31B40094BD16 /* Frameworks */,
				83F73EEB153E31B40094BD16 /* Products */,
			);
			sourceTree = "<group>";
		};
		83F73EEB153E31B40094BD16 /* Products */ = {
			isa = PBXGroup;
			children = (
				83F73EEA153E31B40094BD16 /* OpenGLSample.app */,
			);
			name = Products;
			sourceTree = "<group>";
		};
		83F73EED153E31B40094BD16 /* Frameworks */ = {
			isa = PBXGroup;
			children = (
				837D9D0D15ACE6E600704989 /* DelightPrivate.framework */,
				8383861515549A6000A83AE9 /* SystemConfiguration.framework */,
				83F73F1D153E32BF0094BD16 /* AVFoundation.framework */,
				83F73F1E153E32BF0094BD16 /* CoreMedia.framework */,
				83F73F1F153E32BF0094BD16 /* CoreVideo.framework */,
				83F73F20153E32BF0094BD16 /* QuartzCore.framework */,
				83F73EEE153E31B40094BD16 /* UIKit.framework */,
				83F73EF0153E31B40094BD16 /* Foundation.framework */,
				83F73EF2153E31B40094BD16 /* CoreGraphics.framework */,
				83F73EF6153E31B40094BD16 /* OpenGLES.framework */,
			);
			name = Frameworks;
			sourceTree = "<group>";
		};
		83F73EF8153E31B40094BD16 /* OpenGLSample */ = {
			isa = PBXGroup;
			children = (
				83F73F01153E31B40094BD16 /* AppDelegate.h */,
				83F73F02153E31B40094BD16 /* AppDelegate.m */,
				837C3A22153F7DEB00463CB3 /* TeapotViewController.h */,
				837C3A23153F7DEB00463CB3 /* TeapotViewController.m */,
				837C3A27153F7EC000463CB3 /* TeapotView.h */,
				837C3A28153F7EC100463CB3 /* TeapotView.m */,
				837C3A26153F7E6C00463CB3 /* Models */,
				83F73EF9153E31B40094BD16 /* Supporting Files */,
			);
			path = OpenGLSample;
			sourceTree = "<group>";
		};
		83F73EF9153E31B40094BD16 /* Supporting Files */ = {
			isa = PBXGroup;
			children = (
				83F73EFA153E31B40094BD16 /* OpenGLSample-Info.plist */,
				83F73EFB153E31B40094BD16 /* InfoPlist.strings */,
				83F73EFE153E31B40094BD16 /* main.m */,
				83F73F00153E31B40094BD16 /* OpenGLSample-Prefix.pch */,
				838694F4156ECA1700EBDB14 /* icon.png */,
				838694F5156ECA1700EBDB14 /* icon@2x.png */,
				838694F7156ECA1700EBDB14 /* icon~ipad.png */,
				838694F6156ECA1700EBDB14 /* icon@2x~ipad.png */,
			);
			name = "Supporting Files";
			sourceTree = "<group>";
		};
/* End PBXGroup section */

/* Begin PBXNativeTarget section */
		83F73EE9153E31B40094BD16 /* OpenGLSample */ = {
			isa = PBXNativeTarget;
			buildConfigurationList = 83F73F10153E31B50094BD16 /* Build configuration list for PBXNativeTarget "OpenGLSample" */;
			buildPhases = (
				83F73EE6153E31B40094BD16 /* Sources */,
				83F73EE7153E31B40094BD16 /* Frameworks */,
				83F73EE8153E31B40094BD16 /* Resources */,
			);
			buildRules = (
			);
			dependencies = (
			);
			name = OpenGLSample;
			productName = OpenGLSample;
			productReference = 83F73EEA153E31B40094BD16 /* OpenGLSample.app */;
			productType = "com.apple.product-type.application";
		};
/* End PBXNativeTarget section */

/* Begin PBXProject section */
		83F73EE1153E31B40094BD16 /* Project object */ = {
			isa = PBXProject;
			attributes = {
				LastUpgradeCheck = 0430;
				ORGANIZATIONNAME = "Pipely Inc.";
			};
			buildConfigurationList = 83F73EE4153E31B40094BD16 /* Build configuration list for PBXProject "OpenGLSample" */;
			compatibilityVersion = "Xcode 3.2";
			developmentRegion = English;
			hasScannedForEncodings = 0;
			knownRegions = (
				en,
			);
			mainGroup = 83F73EDF153E31B40094BD16;
			productRefGroup = 83F73EEB153E31B40094BD16 /* Products */;
			projectDirPath = "";
			projectRoot = "";
			targets = (
				83F73EE9153E31B40094BD16 /* OpenGLSample */,
			);
		};
/* End PBXProject section */

/* Begin PBXResourcesBuildPhase section */
		83F73EE8153E31B40094BD16 /* Resources */ = {
			isa = PBXResourcesBuildPhase;
			buildActionMask = 2147483647;
			files = (
				83F73EFD153E31B40094BD16 /* InfoPlist.strings in Resources */,
				838694F8156ECA1700EBDB14 /* icon.png in Resources */,
				838694F9156ECA1700EBDB14 /* icon@2x.png in Resources */,
				838694FA156ECA1700EBDB14 /* icon@2x~ipad.png in Resources */,
				838694FB156ECA1700EBDB14 /* icon~ipad.png in Resources */,
			);
			runOnlyForDeploymentPostprocessing = 0;
		};
/* End PBXResourcesBuildPhase section */

/* Begin PBXSourcesBuildPhase section */
		83F73EE6153E31B40094BD16 /* Sources */ = {
			isa = PBXSourcesBuildPhase;
			buildActionMask = 2147483647;
			files = (
				83F73EFF153E31B40094BD16 /* main.m in Sources */,
				83F73F03153E31B40094BD16 /* AppDelegate.m in Sources */,
				837C3A24153F7DEB00463CB3 /* TeapotViewController.m in Sources */,
				837C3A29153F804900463CB3 /* TeapotView.m in Sources */,
			);
			runOnlyForDeploymentPostprocessing = 0;
		};
/* End PBXSourcesBuildPhase section */

/* Begin PBXVariantGroup section */
		83F73EFB153E31B40094BD16 /* InfoPlist.strings */ = {
			isa = PBXVariantGroup;
			children = (
				83F73EFC153E31B40094BD16 /* en */,
			);
			name = InfoPlist.strings;
			sourceTree = "<group>";
		};
/* End PBXVariantGroup section */

/* Begin XCBuildConfiguration section */
		83F73F0E153E31B50094BD16 /* Debug */ = {
			isa = XCBuildConfiguration;
			buildSettings = {
				ALWAYS_SEARCH_USER_PATHS = NO;
				ARCHS = "$(ARCHS_STANDARD_32_BIT)";
				"CODE_SIGN_IDENTITY[sdk=iphoneos*]" = "iPhone Developer";
				COPY_PHASE_STRIP = NO;
				GCC_C_LANGUAGE_STANDARD = gnu99;
				GCC_DYNAMIC_NO_PIC = NO;
				GCC_OPTIMIZATION_LEVEL = 0;
				GCC_PREPROCESSOR_DEFINITIONS = (
					"DEBUG=1",
					"$(inherited)",
				);
				GCC_SYMBOLS_PRIVATE_EXTERN = NO;
				GCC_VERSION = com.apple.compilers.llvm.clang.1_0;
				GCC_WARN_ABOUT_RETURN_TYPE = YES;
				GCC_WARN_UNINITIALIZED_AUTOS = YES;
				GCC_WARN_UNUSED_VARIABLE = YES;
				IPHONEOS_DEPLOYMENT_TARGET = 4.0;
				OTHER_LDFLAGS = "-ObjC";
				SDKROOT = iphoneos;
			};
			name = Debug;
		};
		83F73F0F153E31B50094BD16 /* Release */ = {
			isa = XCBuildConfiguration;
			buildSettings = {
				ALWAYS_SEARCH_USER_PATHS = NO;
				ARCHS = "$(ARCHS_STANDARD_32_BIT)";
				"CODE_SIGN_IDENTITY[sdk=iphoneos*]" = "iPhone Developer";
				COPY_PHASE_STRIP = YES;
				GCC_C_LANGUAGE_STANDARD = gnu99;
				GCC_VERSION = com.apple.compilers.llvm.clang.1_0;
				GCC_WARN_ABOUT_RETURN_TYPE = YES;
				GCC_WARN_UNINITIALIZED_AUTOS = YES;
				GCC_WARN_UNUSED_VARIABLE = YES;
				IPHONEOS_DEPLOYMENT_TARGET = 4.0;
				OTHER_CFLAGS = "-DNS_BLOCK_ASSERTIONS=1";
				OTHER_LDFLAGS = "-ObjC";
				SDKROOT = iphoneos;
				VALIDATE_PRODUCT = YES;
			};
			name = Release;
		};
		83F73F11153E31B50094BD16 /* Debug */ = {
			isa = XCBuildConfiguration;
			buildSettings = {
				FRAMEWORK_SEARCH_PATHS = (
					"$(inherited)",
					"\"$(SRCROOT)/../..\"",
				);
				GCC_PRECOMPILE_PREFIX_HEADER = YES;
				GCC_PREFIX_HEADER = "OpenGLSample/OpenGLSample-Prefix.pch";
				"GCC_THUMB_SUPPORT[arch=armv6]" = "";
				INFOPLIST_FILE = "OpenGLSample/OpenGLSample-Info.plist";
				IPHONEOS_DEPLOYMENT_TARGET = 4.1;
				PRODUCT_NAME = "$(TARGET_NAME)";
				TARGETED_DEVICE_FAMILY = "1,2";
				WRAPPER_EXTENSION = app;
			};
			name = Debug;
		};
		83F73F12153E31B50094BD16 /* Release */ = {
			isa = XCBuildConfiguration;
			buildSettings = {
				FRAMEWORK_SEARCH_PATHS = (
					"$(inherited)",
					"\"$(SRCROOT)/../..\"",
				);
				GCC_PRECOMPILE_PREFIX_HEADER = YES;
				GCC_PREFIX_HEADER = "OpenGLSample/OpenGLSample-Prefix.pch";
				"GCC_THUMB_SUPPORT[arch=armv6]" = "";
				INFOPLIST_FILE = "OpenGLSample/OpenGLSample-Info.plist";
				IPHONEOS_DEPLOYMENT_TARGET = 4.1;
				PRODUCT_NAME = "$(TARGET_NAME)";
				TARGETED_DEVICE_FAMILY = "1,2";
				WRAPPER_EXTENSION = app;
			};
			name = Release;
		};
/* End XCBuildConfiguration section */

/* Begin XCConfigurationList section */
		83F73EE4153E31B40094BD16 /* Build configuration list for PBXProject "OpenGLSample" */ = {
			isa = XCConfigurationList;
			buildConfigurations = (
				83F73F0E153E31B50094BD16 /* Debug */,
				83F73F0F153E31B50094BD16 /* Release */,
			);
			defaultConfigurationIsVisible = 0;
			defaultConfigurationName = Release;
		};
		83F73F10153E31B50094BD16 /* Build configuration list for PBXNativeTarget "OpenGLSample" */ = {
			isa = XCConfigurationList;
			buildConfigurations = (
				83F73F11153E31B50094BD16 /* Debug */,
				83F73F12153E31B50094BD16 /* Release */,
			);
			defaultConfigurationIsVisible = 0;
			defaultConfigurationName = Release;
		};
/* End XCConfigurationList section */
	};
	rootObject = 83F73EE1153E31B40094BD16 /* Project object */;
}
